// !$*UTF8*$!
{
	archiveVersion = 1;
	classes = {
	};
	objectVersion = 77;
	objects = {

/* Begin PBXBuildFile section */
		837A1508302DEB970065B6D1 /* StreakOSWatchApp Watch App.app in Embed Watch Content */ = {isa = PBXBuildFile; fileRef = 837A1507302DEB970065B6D1 /* StreakOSWatchApp Watch App.app */; settings = {ATTRIBUTES = (RemoveHeadersOnCopy, ); }; };
		837A1559302DEDA20065B6D1 /* StreakOSFramework.framework in Frameworks */ = {isa = PBXBuildFile; fileRef = 837A1558302DEDA20065B6D1 /* StreakOSFramework.framework */; };
		837A155A302DEDA20065B6D1 /* StreakOSFramework.framework in Embed Frameworks */ = {isa = PBXBuildFile; fileRef = 837A1558302DEDA20065B6D1 /* StreakOSFramework.framework */; settings = {ATTRIBUTES = (CodeSignOnCopy, RemoveHeadersOnCopy, ); }; };
		837A155D302DEDA70065B6D1 /* StreakOSPresentation.framework in Frameworks */ = {isa = PBXBuildFile; fileRef = 837A155C302DEDA70065B6D1 /* StreakOSPresentation.framework */; };
		837A155E302DEDA70065B6D1 /* StreakOSPresentation.framework in Embed Frameworks */ = {isa = PBXBuildFile; fileRef = 837A155C302DEDA70065B6D1 /* StreakOSPresentation.framework */; settings = {ATTRIBUTES = (CodeSignOnCopy, RemoveHeadersOnCopy, ); }; };
/* End PBXBuildFile section */

/* Begin PBXContainerItemProxy section */
		837A1509302DEB970065B6D1 /* PBXContainerItemProxy */ = {
			isa = PBXContainerItemProxy;
			containerPortal = 837A14FB302DEB970065B6D1 /* Project object */;
			proxyType = 1;
			remoteGlobalIDString = 837A1506302DEB970065B6D1;
			remoteInfo = "StreakOSWatchApp Watch App";
		};
		837A1517302DEB990065B6D1 /* PBXContainerItemProxy */ = {
			isa = PBXContainerItemProxy;
			containerPortal = 837A14FB302DEB970065B6D1 /* Project object */;
			proxyType = 1;
			remoteGlobalIDString = 837A1506302DEB970065B6D1;
			remoteInfo = "StreakOSWatchApp Watch App";
		};
		837A1521302DEB990065B6D1 /* PBXContainerItemProxy */ = {
			isa = PBXContainerItemProxy;
			containerPortal = 837A14FB302DEB970065B6D1 /* Project object */;
			proxyType = 1;
			remoteGlobalIDString = 837A1506302DEB970065B6D1;
			remoteInfo = "StreakOSWatchApp Watch App";
		};
/* End PBXContainerItemProxy section */

/* Begin PBXCopyFilesBuildPhase section */
		837A152D302DEB990065B6D1 /* Embed Watch Content */ = {
			isa = PBXCopyFilesBuildPhase;
			buildActionMask = 2147483647;
			dstPath = "$(CONTENTS_FOLDER_PATH)/Watch";
			dstSubfolderSpec = 16;
			files = (
				837A1508302DEB970065B6D1 /* StreakOSWatchApp Watch App.app in Embed Watch Content */,
			);
			name = "Embed Watch Content";
			runOnlyForDeploymentPostprocessing = 0;
		};
		837A155B302DEDA20065B6D1 /* Embed Frameworks */ = {
			isa = PBXCopyFilesBuildPhase;
			buildActionMask = 2147483647;
			dstPath = "";
			dstSubfolderSpec = 10;
			files = (
				837A155E302DEDA70065B6D1 /* StreakOSPresentation.framework in Embed Frameworks */,
				837A155A302DEDA20065B6D1 /* StreakOSFramework.framework in Embed Frameworks */,
			);
			name = "Embed Frameworks";
			runOnlyForDeploymentPostprocessing = 0;
		};
/* End PBXCopyFilesBuildPhase section */

/* Begin PBXFileReference section */
		837A1501302DEB970065B6D1 /* StreakOSWatchApp.app */ = {isa = PBXFileReference; explicitFileType = wrapper.application; includeInIndex = 0; path = StreakOSWatchApp.app; sourceTree = BUILT_PRODUCTS_DIR; };
		837A1507302DEB970065B6D1 /* StreakOSWatchApp Watch App.app */ = {isa = PBXFileReference; explicitFileType = wrapper.application; includeInIndex = 0; path = "StreakOSWatchApp Watch App.app"; sourceTree = BUILT_PRODUCTS_DIR; };
		837A1516302DEB990065B6D1 /* StreakOSWatchApp Watch AppTests.xctest */ = {isa = PBXFileReference; explicitFileType = wrapper.cfbundle; includeInIndex = 0; path = "StreakOSWatchApp Watch AppTests.xctest"; sourceTree = BUILT_PRODUCTS_DIR; };
		837A1520302DEB990065B6D1 /* StreakOSWatchApp Watch AppUITests.xctest */ = {isa = PBXFileReference; explicitFileType = wrapper.cfbundle; includeInIndex = 0; path = "StreakOSWatchApp Watch AppUITests.xctest"; sourceTree = BUILT_PRODUCTS_DIR; };
		837A1558302DEDA20065B6D1 /* StreakOSFramework.framework */ = {isa = PBXFileReference; explicitFileType = wrapper.framework; path = StreakOSFramework.framework; sourceTree = BUILT_PRODUCTS_DIR; };
		837A155C302DEDA70065B6D1 /* StreakOSPresentation.framework */ = {isa = PBXFileReference; explicitFileType = wrapper.framework; path = StreakOSPresentation.framework; sourceTree = BUILT_PRODUCTS_DIR; };
/* End PBXFileReference section */

/* Begin PBXFileSystemSynchronizedRootGroup section */
		837A150B302DEB970065B6D1 /* StreakOSWatchApp */ = {
			isa = PBXFileSystemSynchronizedRootGroup;
			path = StreakOSWatchApp;
			sourceTree = "<group>";
		};
		837A1519302DEB990065B6D1 /* StreakOSWatchAppTests */ = {
			isa = PBXFileSystemSynchronizedRootGroup;
			path = StreakOSWatchAppTests;
			sourceTree = "<group>";
		};
		837A1523302DEB990065B6D1 /* StreakOSWatchAppUITests */ = {
			isa = PBXFileSystemSynchronizedRootGroup;
			path = StreakOSWatchAppUITests;
			sourceTree = "<group>";
		};
/* End PBXFileSystemSynchronizedRootGroup section */

/* Begin PBXFrameworksBuildPhase section */
		837A1504302DEB970065B6D1 /* Frameworks */ = {
			isa = PBXFrameworksBuildPhase;
			buildActionMask = 2147483647;
			files = (
				837A155D302DEDA70065B6D1 /* StreakOSPresentation.framework in Frameworks */,
				837A1559302DEDA20065B6D1 /* StreakOSFramework.framework in Frameworks */,
			);
			runOnlyForDeploymentPostprocessing = 0;
		};
		837A1513302DEB990065B6D1 /* Frameworks */ = {
			isa = PBXFrameworksBuildPhase;
			buildActionMask = 2147483647;
			files = (
			);
			runOnlyForDeploymentPostprocessing = 0;
		};
		837A151D302DEB990065B6D1 /* Frameworks */ = {
			isa = PBXFrameworksBuildPhase;
			buildActionMask = 2147483647;
			files = (
			);
			runOnlyForDeploymentPostprocessing = 0;
		};
/* End PBXFrameworksBuildPhase section */

/* Begin PBXGroup section */
		837A14FA302DEB970065B6D1 = {
			isa = PBXGroup;
			children = (
				837A150B302DEB970065B6D1 /* StreakOSWatchApp */,
				837A1519302DEB990065B6D1 /* StreakOSWatchAppTests */,
				837A1523302DEB990065B6D1 /* StreakOSWatchAppUITests */,
				837A1557302DEDA20065B6D1 /* Frameworks */,
				837A1502302DEB970065B6D1 /* Products */,
			);
			sourceTree = "<group>";
		};
		837A1502302DEB970065B6D1 /* Products */ = {
			isa = PBXGroup;
			children = (
				837A1501302DEB970065B6D1 /* StreakOSWatchApp.app */,
				837A1507302DEB970065B6D1 /* StreakOSWatchApp Watch App.app */,
				837A1516302DEB990065B6D1 /* StreakOSWatchApp Watch AppTests.xctest */,
				837A1520302DEB990065B6D1 /* StreakOSWatchApp Watch AppUITests.xctest */,
			);
			name = Products;
			sourceTree = "<group>";
		};
		837A1557302DEDA20065B6D1 /* Frameworks */ = {
			isa = PBXGroup;
			children = (
				837A155C302DEDA70065B6D1 /* StreakOSPresentation.framework */,
				837A1558302DEDA20065B6D1 /* StreakOSFramework.framework */,
			);
			name = Frameworks;
			sourceTree = "<group>";
		};
/* End PBXGroup section */

/* Begin PBXNativeTarget section */
		837A1500302DEB970065B6D1 /* StreakOSWatchApp */ = {
			isa = PBXNativeTarget;
			buildConfigurationList = 837A152E302DEB990065B6D1 /* Build configuration list for PBXNativeTarget "StreakOSWatchApp" */;
			buildPhases = (
				837A14FF302DEB970065B6D1 /* Resources */,
				837A152D302DEB990065B6D1 /* Embed Watch Content */,
			);
			buildRules = (
			);
			dependencies = (
				837A150A302DEB970065B6D1 /* PBXTargetDependency */,
			);
			name = StreakOSWatchApp;
			packageProductDependencies = (
			);
			productName = StreakOSWatchApp;
			productReference = 837A1501302DEB970065B6D1 /* StreakOSWatchApp.app */;
			productType = "com.apple.product-type.application.watchapp2-container";
		};
		837A1506302DEB970065B6D1 /* StreakOSWatchApp Watch App */ = {
			isa = PBXNativeTarget;
			buildConfigurationList = 837A152A302DEB990065B6D1 /* Build configuration list for PBXNativeTarget "StreakOSWatchApp Watch App" */;
			buildPhases = (
				837A1503302DEB970065B6D1 /* Sources */,
				837A1504302DEB970065B6D1 /* Frameworks */,
				837A1505302DEB970065B6D1 /* Resources */,
				837A155B302DEDA20065B6D1 /* Embed Frameworks */,
			);
			buildRules = (
			);
			dependencies = (
			);
			fileSystemSynchronizedGroups = (
				837A150B302DEB970065B6D1 /* StreakOSWatchApp */,
			);
			name = "StreakOSWatchApp Watch App";
			packageProductDependencies = (
			);
			productName = "StreakOSWatchApp Watch App";
			productReference = 837A1507302DEB970065B6D1 /* StreakOSWatchApp Watch App.app */;
			productType = "com.apple.product-type.application";
		};
		837A1515302DEB990065B6D1 /* StreakOSWatchApp Watch AppTests */ = {
			isa = PBXNativeTarget;
			buildConfigurationList = 837A1531302DEB990065B6D1 /* Build configuration list for PBXNativeTarget "StreakOSWatchApp Watch AppTests" */;
			buildPhases = (
				837A1512302DEB990065B6D1 /* Sources */,
				837A1513302DEB990065B6D1 /* Frameworks */,
				837A1514302DEB990065B6D1 /* Resources */,
			);
			buildRules = (
			);
			dependencies = (
				837A1518302DEB990065B6D1 /* PBXTargetDependency */,
			);
			fileSystemSynchronizedGroups = (
				837A1519302DEB990065B6D1 /* StreakOSWatchAppTests */,
			);
			name = "StreakOSWatchApp Watch AppTests";
			packageProductDependencies = (
			);
			productName = "StreakOSWatchApp Watch AppTests";
			productReference = 837A1516302DEB990065B6D1 /* StreakOSWatchApp Watch AppTests.xctest */;
			productType = "com.apple.product-type.bundle.unit-test";
		};
		837A151F302DEB990065B6D1 /* StreakOSWatchApp Watch AppUITests */ = {
			isa = PBXNativeTarget;
			buildConfigurationList = 837A1534302DEB990065B6D1 /* Build configuration list for PBXNativeTarget "StreakOSWatchApp Watch AppUITests" */;
			buildPhases = (
				837A151C302DEB990065B6D1 /* Sources */,
				837A151D302DEB990065B6D1 /* Frameworks */,
				837A151E302DEB990065B6D1 /* Resources */,
			);
			buildRules = (
			);
			dependencies = (
				837A1522302DEB990065B6D1 /* PBXTargetDependency */,
			);
			fileSystemSynchronizedGroups = (
				837A1523302DEB990065B6D1 /* StreakOSWatchAppUITests */,
			);
			name = "StreakOSWatchApp Watch AppUITests";
			packageProductDependencies = (
			);
			productName = "StreakOSWatchApp Watch AppUITests";
			productReference = 837A1520302DEB990065B6D1 /* StreakOSWatchApp Watch AppUITests.xctest */;
			productType = "com.apple.product-type.bundle.ui-testing";
		};
/* End PBXNativeTarget section */

/* Begin PBXProject section */
		837A14FB302DEB970065B6D1 /* Project object */ = {
			isa = PBXProject;
			attributes = {
				BuildIndependentTargetsInParallel = 1;
				LastSwiftUpdateCheck = 2620;
				LastUpgradeCheck = 2620;
				TargetAttributes = {
					837A1500302DEB970065B6D1 = {
						CreatedOnToolsVersion = 26.2;
					};
					837A1506302DEB970065B6D1 = {
						CreatedOnToolsVersion = 26.2;
					};
					837A1515302DEB990065B6D1 = {
						CreatedOnToolsVersion = 26.2;
						TestTargetID = 837A1506302DEB970065B6D1;
					};
					837A151F302DEB990065B6D1 = {
						CreatedOnToolsVersion = 26.2;
						TestTargetID = 837A1506302DEB970065B6D1;
					};
				};
			};
			buildConfigurationList = 837A14FE302DEB970065B6D1 /* Build configuration list for PBXProject "StreakOSWatchApp" */;
			developmentRegion = en;
			hasScannedForEncodings = 0;
			knownRegions = (
				en,
				Base,
			);
			mainGroup = 837A14FA302DEB970065B6D1;
			minimizedProjectReferenceProxies = 1;
			preferredProjectObjectVersion = 77;
			productRefGroup = 837A1502302DEB970065B6D1 /* Products */;
			projectDirPath = "";
			projectRoot = "";
			targets = (
				837A1500302DEB970065B6D1 /* StreakOSWatchApp */,
				837A1506302DEB970065B6D1 /* StreakOSWatchApp Watch App */,
				837A1515302DEB990065B6D1 /* StreakOSWatchApp Watch AppTests */,
				837A151F302DEB990065B6D1 /* StreakOSWatchApp Watch AppUITests */,
			);
		};
/* End PBXProject section */

/* Begin PBXResourcesBuildPhase section */
		837A14FF302DEB970065B6D1 /* Resources */ = {
			isa = PBXResourcesBuildPhase;
			buildActionMask = 2147483647;
			files = (
			);
			runOnlyForDeploymentPostprocessing = 0;
		};
		837A1505302DEB970065B6D1 /* Resources */ = {
			isa = PBXResourcesBuildPhase;
			buildActionMask = 2147483647;
			files = (
			);
			runOnlyForDeploymentPostprocessing = 0;
		};
		837A1514302DEB990065B6D1 /* Resources */ = {
			isa = PBXResourcesBuildPhase;
			buildActionMask = 2147483647;
			files = (
			);
			runOnlyForDeploymentPostprocessing = 0;
		};
		837A151E302DEB990065B6D1 /* Resources */ = {
			isa = PBXResourcesBuildPhase;
			buildActionMask = 2147483647;
			files = (
			);
			runOnlyForDeploymentPostprocessing = 0;
		};
/* End PBXResourcesBuildPhase section */

/* Begin PBXSourcesBuildPhase section */
		837A1503302DEB970065B6D1 /* Sources */ = {
			isa = PBXSourcesBuildPhase;
			buildActionMask = 2147483647;
			files = (
			);
			runOnlyForDeploymentPostprocessing = 0;
		};
		837A1512302DEB990065B6D1 /* Sources */ = {
			isa = PBXSourcesBuildPhase;
			buildActionMask = 2147483647;
			files = (
			);
			runOnlyForDeploymentPostprocessing = 0;
		};
		837A151C302DEB990065B6D1 /* Sources */ = {
			isa = PBXSourcesBuildPhase;
			buildActionMask = 2147483647;
			files = (
			);
			runOnlyForDeploymentPostprocessing = 0;
		};
/* End PBXSourcesBuildPhase section */

/* Begin PBXTargetDependency section */
		837A150A302DEB970065B6D1 /* PBXTargetDependency */ = {
			isa = PBXTargetDependency;
			target = 837A1506302DEB970065B6D1 /* StreakOSWatchApp Watch App */;
			targetProxy = 837A1509302DEB970065B6D1 /* PBXContainerItemProxy */;
		};
		837A1518302DEB990065B6D1 /* PBXTargetDependency */ = {
			isa = PBXTargetDependency;
			target = 837A1506302DEB970065B6D1 /* StreakOSWatchApp Watch App */;
			targetProxy = 837A1517302DEB990065B6D1 /* PBXContainerItemProxy */;
		};
		837A1522302DEB990065B6D1 /* PBXTargetDependency */ = {
			isa = PBXTargetDependency;
			target = 837A1506302DEB970065B6D1 /* StreakOSWatchApp Watch App */;
			targetProxy = 837A1521302DEB990065B6D1 /* PBXContainerItemProxy */;
		};
/* End PBXTargetDependency section */

/* Begin XCBuildConfiguration section */
		837A1528302DEB990065B6D1 /* Debug */ = {
			isa = XCBuildConfiguration;
			buildSettings = {
				ALWAYS_SEARCH_USER_PATHS = NO;
				ASSETCATALOG_COMPILER_GENERATE_SWIFT_ASSET_SYMBOL_EXTENSIONS = YES;
				CLANG_ANALYZER_NONNULL = YES;
				CLANG_ANALYZER_NUMBER_OBJECT_CONVERSION = YES_AGGRESSIVE;
				CLANG_CXX_LANGUAGE_STANDARD = "gnu++20";
				CLANG_ENABLE_MODULES = YES;
				CLANG_ENABLE_OBJC_ARC = YES;
				CLANG_ENABLE_OBJC_WEAK = YES;
				CLANG_WARN_BLOCK_CAPTURE_AUTORELEASING = YES;
				CLANG_WARN_BOOL_CONVERSION = YES;
				CLANG_WARN_COMMA = YES;
				CLANG_WARN_CONSTANT_CONVERSION = YES;
				CLANG_WARN_DEPRECATED_OBJC_IMPLEMENTATIONS = YES;
				CLANG_WARN_DIRECT_OBJC_ISA_USAGE = YES_ERROR;
				CLANG_WARN_DOCUMENTATION_COMMENTS = YES;
				CLANG_WARN_EMPTY_BODY = YES;
				CLANG_WARN_ENUM_CONVERSION = YES;
				CLANG_WARN_INFINITE_RECURSION = YES;
				CLANG_WARN_INT_CONVERSION = YES;
				CLANG_WARN_NON_LITERAL_NULL_CONVERSION = YES;
				CLANG_WARN_OBJC_IMPLICIT_RETAIN_SELF = YES;
				CLANG_WARN_OBJC_LITERAL_CONVERSION = YES;
				CLANG_WARN_OBJC_ROOT_CLASS = YES_ERROR;
				CLANG_WARN_QUOTED_INCLUDE_IN_FRAMEWORK_HEADER = YES;
				CLANG_WARN_RANGE_LOOP_ANALYSIS = YES;
				CLANG_WARN_STRICT_PROTOTYPES = YES;
				CLANG_WARN_SUSPICIOUS_MOVE = YES;
				CLANG_WARN_UNGUARDED_AVAILABILITY = YES_AGGRESSIVE;
				CLANG_WARN_UNREACHABLE_CODE = YES;
				CLANG_WARN__DUPLICATE_METHOD_MATCH = YES;
				COPY_PHASE_STRIP = NO;
				DEBUG_INFORMATION_FORMAT = dwarf;
				DEVELOPMENT_TEAM = WZB5R9B92Y;
				ENABLE_STRICT_OBJC_MSGSEND = YES;
				ENABLE_TESTABILITY = YES;
				ENABLE_USER_SCRIPT_SANDBOXING = YES;
				GCC_C_LANGUAGE_STANDARD = gnu17;
				GCC_DYNAMIC_NO_PIC = NO;
				GCC_NO_COMMON_BLOCKS = YES;
				GCC_OPTIMIZATION_LEVEL = 0;
				GCC_PREPROCESSOR_DEFINITIONS = (
					"DEBUG=1",
					"$(inherited)",
				);
				GCC_WARN_64_TO_32_BIT_CONVERSION = YES;
				GCC_WARN_ABOUT_RETURN_TYPE = YES_ERROR;
				GCC_WARN_UNDECLARED_SELECTOR = YES;
				GCC_WARN_UNINITIALIZED_AUTOS = YES_AGGRESSIVE;
				GCC_WARN_UNUSED_FUNCTION = YES;
				GCC_WARN_UNUSED_VARIABLE = YES;
				LOCALIZATION_PREFERS_STRING_CATALOGS = YES;
				MTL_ENABLE_DEBUG_INFO = INCLUDE_SOURCE;
				MTL_FAST_MATH = YES;
				ONLY_ACTIVE_ARCH = YES;
				SWIFT_ACTIVE_COMPILATION_CONDITIONS = "DEBUG $(inherited)";
				SWIFT_OPTIMIZATION_LEVEL = "-Onone";
			};
			name = Debug;
		};
		837A1529302DEB990065B6D1 /* Release */ = {
			isa = XCBuildConfiguration;
			buildSettings = {
				ALWAYS_SEARCH_USER_PATHS = NO;
				ASSETCATALOG_COMPILER_GENERATE_SWIFT_ASSET_SYMBOL_EXTENSIONS = YES;
				CLANG_ANALYZER_NONNULL = YES;
				CLANG_ANALYZER_NUMBER_OBJECT_CONVERSION = YES_AGGRESSIVE;
				CLANG_CXX_LANGUAGE_STANDARD = "gnu++20";
				CLANG_ENABLE_MODULES = YES;
				CLANG_ENABLE_OBJC_ARC = YES;
				CLANG_ENABLE_OBJC_WEAK = YES;
				CLANG_WARN_BLOCK_CAPTURE_AUTORELEASING = YES;
				CLANG_WARN_BOOL_CONVERSION = YES;
				CLANG_WARN_COMMA = YES;
				CLANG_WARN_CONSTANT_CONVERSION = YES;
				CLANG_WARN_DEPRECATED_OBJC_IMPLEMENTATIONS = YES;
				CLANG_WARN_DIRECT_OBJC_ISA_USAGE = YES_ERROR;
				CLANG_WARN_DOCUMENTATION_COMMENTS = YES;
				CLANG_WARN_EMPTY_BODY = YES;
				CLANG_WARN_ENUM_CONVERSION = YES;
				CLANG_WARN_INFINITE_RECURSION = YES;
				CLANG_WARN_INT_CONVERSION = YES;
				CLANG_WARN_NON_LITERAL_NULL_CONVERSION = YES;
				CLANG_WARN_OBJC_IMPLICIT_RETAIN_SELF = YES;
				CLANG_WARN_OBJC_LITERAL_CONVERSION = YES;
				CLANG_WARN_OBJC_ROOT_CLASS = YES_ERROR;
				CLANG_WARN_QUOTED_INCLUDE_IN_FRAMEWORK_HEADER = YES;
				CLANG_WARN_RANGE_LOOP_ANALYSIS = YES;
				CLANG_WARN_STRICT_PROTOTYPES = YES;
				CLANG_WARN_SUSPICIOUS_MOVE = YES;
				CLANG_WARN_UNGUARDED_AVAILABILITY = YES_AGGRESSIVE;
				CLANG_WARN_UNREACHABLE_CODE = YES;
				CLANG_WARN__DUPLICATE_METHOD_MATCH = YES;
				COPY_PHASE_STRIP = NO;
				DEBUG_INFORMATION_FORMAT = "dwarf-with-dsym";
				DEVELOPMENT_TEAM = WZB5R9B92Y;
				ENABLE_NS_ASSERTIONS = NO;
				ENABLE_STRICT_OBJC_MSGSEND = YES;
				ENABLE_USER_SCRIPT_SANDBOXING = YES;
				GCC_C_LANGUAGE_STANDARD = gnu17;
				GCC_NO_COMMON_BLOCKS = YES;
				GCC_WARN_64_TO_32_BIT_CONVERSION = YES;
				GCC_WARN_ABOUT_RETURN_TYPE = YES_ERROR;
				GCC_WARN_UNDECLARED_SELECTOR = YES;
				GCC_WARN_UNINITIALIZED_AUTOS = YES_AGGRESSIVE;
				GCC_WARN_UNUSED_FUNCTION = YES;
				GCC_WARN_UNUSED_VARIABLE = YES;
				LOCALIZATION_PREFERS_STRING_CATALOGS = YES;
				MTL_ENABLE_DEBUG_INFO = NO;
				MTL_FAST_MATH = YES;
				SWIFT_COMPILATION_MODE = wholemodule;
			};
			name = Release;
		};
		837A152B302DEB990065B6D1 /* Debug */ = {
			isa = XCBuildConfiguration;
			buildSettings = {
				ASSETCATALOG_COMPILER_APPICON_NAME = AppIcon;
				ASSETCATALOG_COMPILER_GLOBAL_ACCENT_COLOR_NAME = AccentColor;
				CODE_SIGN_STYLE = Automatic;
				CURRENT_PROJECT_VERSION = 1;
				DEVELOPMENT_TEAM = WZB5R9B92Y;
				ENABLE_PREVIEWS = YES;
				GENERATE_INFOPLIST_FILE = YES;
				INFOPLIST_KEY_CFBundleDisplayName = StreakOSWatchApp;
				INFOPLIST_KEY_UISupportedInterfaceOrientations = "UIInterfaceOrientationPortrait UIInterfaceOrientationPortraitUpsideDown";
				INFOPLIST_KEY_WKWatchOnly = YES;
				LD_RUNPATH_SEARCH_PATHS = (
					"$(inherited)",
					"@executable_path/Frameworks",
				);
				MARKETING_VERSION = 1.0;
				PRODUCT_BUNDLE_IDENTIFIER = com.aminfaruq.StreakOSWatchApp.watchkitapp;
				PRODUCT_NAME = "$(TARGET_NAME)";
				SDKROOT = watchos;
				SKIP_INSTALL = YES;
				STRING_CATALOG_GENERATE_SYMBOLS = YES;
				SWIFT_APPROACHABLE_CONCURRENCY = YES;
				SWIFT_DEFAULT_ACTOR_ISOLATION = MainActor;
				SWIFT_EMIT_LOC_STRINGS = YES;
				SWIFT_UPCOMING_FEATURE_MEMBER_IMPORT_VISIBILITY = YES;
				SWIFT_VERSION = 5.0;
				TARGETED_DEVICE_FAMILY = 4;
				WATCHOS_DEPLOYMENT_TARGET = 10.6;
			};
			name = Debug;
		};
		837A152C302DEB990065B6D1 /* Release */ = {
			isa = XCBuildConfiguration;
			buildSettings = {
				ASSETCATALOG_COMPILER_APPICON_NAME = AppIcon;
				ASSETCATALOG_COMPILER_GLOBAL_ACCENT_COLOR_NAME = AccentColor;
				CODE_SIGN_STYLE = Automatic;
				CURRENT_PROJECT_VERSION = 1;
				DEVELOPMENT_TEAM = WZB5R9B92Y;
				ENABLE_PREVIEWS = YES;
				GENERATE_INFOPLIST_FILE = YES;
				INFOPLIST_KEY_CFBundleDisplayName = StreakOSWatchApp;
				INFOPLIST_KEY_UISupportedInterfaceOrientations = "UIInterfaceOrientationPortrait UIInterfaceOrientationPortraitUpsideDown";
				INFOPLIST_KEY_WKWatchOnly = YES;
				LD_RUNPATH_SEARCH_PATHS = (
					"$(inherited)",
					"@executable_path/Frameworks",
				);
				MARKETING_VERSION = 1.0;
				PRODUCT_BUNDLE_IDENTIFIER = com.aminfaruq.StreakOSWatchApp.watchkitapp;
				PRODUCT_NAME = "$(TARGET_NAME)";
				SDKROOT = watchos;
				SKIP_INSTALL = YES;
				STRING_CATALOG_GENERATE_SYMBOLS = YES;
				SWIFT_APPROACHABLE_CONCURRENCY = YES;
				SWIFT_DEFAULT_ACTOR_ISOLATION = MainActor;
				SWIFT_EMIT_LOC_STRINGS = YES;
				SWIFT_UPCOMING_FEATURE_MEMBER_IMPORT_VISIBILITY = YES;
				SWIFT_VERSION = 5.0;
				TARGETED_DEVICE_FAMILY = 4;
				VALIDATE_PRODUCT = YES;
				WATCHOS_DEPLOYMENT_TARGET = 10.6;
			};
			name = Release;
		};
		837A152F302DEB990065B6D1 /* Debug */ = {
			isa = XCBuildConfiguration;
			buildSettings = {
				CODE_SIGN_STYLE = Automatic;
				CURRENT_PROJECT_VERSION = 1;
				DEVELOPMENT_TEAM = WZB5R9B92Y;
				INFOPLIST_KEY_CFBundleDisplayName = StreakOSWatchApp;
				MARKETING_VERSION = 1.0;
				PRODUCT_BUNDLE_IDENTIFIER = com.aminfaruq.StreakOSWatchApp;
				PRODUCT_NAME = "$(TARGET_NAME)";
				SDKROOT = iphoneos;
				SWIFT_APPROACHABLE_CONCURRENCY = YES;
				SWIFT_UPCOMING_FEATURE_MEMBER_IMPORT_VISIBILITY = YES;
				SWIFT_VERSION = 5.0;
			};
			name = Debug;
		};
		837A1530302DEB990065B6D1 /* Release */ = {
			isa = XCBuildConfiguration;
			buildSettings = {
				CODE_SIGN_STYLE = Automatic;
				CURRENT_PROJECT_VERSION = 1;
				DEVELOPMENT_TEAM = WZB5R9B92Y;
				INFOPLIST_KEY_CFBundleDisplayName = StreakOSWatchApp;
				MARKETING_VERSION = 1.0;
				PRODUCT_BUNDLE_IDENTIFIER = com.aminfaruq.StreakOSWatchApp;
				PRODUCT_NAME = "$(TARGET_NAME)";
				SDKROOT = iphoneos;
				SWIFT_APPROACHABLE_CONCURRENCY = YES;
				SWIFT_UPCOMING_FEATURE_MEMBER_IMPORT_VISIBILITY = YES;
				SWIFT_VERSION = 5.0;
				VALIDATE_PRODUCT = YES;
			};
			name = Release;
		};
		837A1532302DEB990065B6D1 /* Debug */ = {
			isa = XCBuildConfiguration;
			buildSettings = {
				BUNDLE_LOADER = "$(TEST_HOST)";
				CODE_SIGN_STYLE = Automatic;
				CURRENT_PROJECT_VERSION = 1;
				DEVELOPMENT_TEAM = WZB5R9B92Y;
				GENERATE_INFOPLIST_FILE = YES;
				MARKETING_VERSION = 1.0;
				PRODUCT_BUNDLE_IDENTIFIER = "com.aminfaruq.StreakOSWatchApp-Watch-AppTests";
				PRODUCT_NAME = "$(TARGET_NAME)";
				SDKROOT = watchos;
				STRING_CATALOG_GENERATE_SYMBOLS = NO;
				SWIFT_APPROACHABLE_CONCURRENCY = YES;
				SWIFT_EMIT_LOC_STRINGS = NO;
				SWIFT_UPCOMING_FEATURE_MEMBER_IMPORT_VISIBILITY = YES;
				SWIFT_VERSION = 5.0;
				TARGETED_DEVICE_FAMILY = 4;
				TEST_HOST = "$(BUILT_PRODUCTS_DIR)/StreakOSWatchApp Watch App.app/$(BUNDLE_EXECUTABLE_FOLDER_PATH)/StreakOSWatchApp Watch App";
				WATCHOS_DEPLOYMENT_TARGET = 10.6;
			};
			name = Debug;
		};
		837A1533302DEB990065B6D1 /* Release */ = {
			isa = XCBuildConfiguration;
			buildSettings = {
				BUNDLE_LOADER = "$(TEST_HOST)";
				CODE_SIGN_STYLE = Automatic;
				CURRENT_PROJECT_VERSION = 1;
				DEVELOPMENT_TEAM = WZB5R9B92Y;
				GENERATE_INFOPLIST_FILE = YES;
				MARKETING_VERSION = 1.0;
				PRODUCT_BUNDLE_IDENTIFIER = "com.aminfaruq.StreakOSWatchApp-Watch-AppTests";
				PRODUCT_NAME = "$(TARGET_NAME)";
				SDKROOT = watchos;
				STRING_CATALOG_GENERATE_SYMBOLS = NO;
				SWIFT_APPROACHABLE_CONCURRENCY = YES;
				SWIFT_EMIT_LOC_STRINGS = NO;
				SWIFT_UPCOMING_FEATURE_MEMBER_IMPORT_VISIBILITY = YES;
				SWIFT_VERSION = 5.0;
				TARGETED_DEVICE_FAMILY = 4;
				TEST_HOST = "$(BUILT_PRODUCTS_DIR)/StreakOSWatchApp Watch App.app/$(BUNDLE_EXECUTABLE_FOLDER_PATH)/StreakOSWatchApp Watch App";
				VALIDATE_PRODUCT = YES;
				WATCHOS_DEPLOYMENT_TARGET = 10.6;
			};
			name = Release;
		};
		837A1535302DEB990065B6D1 /* Debug */ = {
			isa = XCBuildConfiguration;
			buildSettings = {
				CODE_SIGN_STYLE = Automatic;
				CURRENT_PROJECT_VERSION = 1;
				DEVELOPMENT_TEAM = WZB5R9B92Y;
				GENERATE_INFOPLIST_FILE = YES;
				MARKETING_VERSION = 1.0;
				PRODUCT_BUNDLE_IDENTIFIER = "com.aminfaruq.StreakOSWatchApp-Watch-AppUITests";
				PRODUCT_NAME = "$(TARGET_NAME)";
				SDKROOT = watchos;
				STRING_CATALOG_GENERATE_SYMBOLS = NO;
				SWIFT_APPROACHABLE_CONCURRENCY = YES;
				SWIFT_EMIT_LOC_STRINGS = NO;
				SWIFT_UPCOMING_FEATURE_MEMBER_IMPORT_VISIBILITY = YES;
				SWIFT_VERSION = 5.0;
				TARGETED_DEVICE_FAMILY = 4;
				TEST_TARGET_NAME = "StreakOSWatchApp Watch App";
				WATCHOS_DEPLOYMENT_TARGET = 10.6;
			};
			name = Debug;
		};
		837A1536302DEB990065B6D1 /* Release */ = {
			isa = XCBuildConfiguration;
			buildSettings = {
				CODE_SIGN_STYLE = Automatic;
				CURRENT_PROJECT_VERSION = 1;
				DEVELOPMENT_TEAM = WZB5R9B92Y;
				GENERATE_INFOPLIST_FILE = YES;
				MARKETING_VERSION = 1.0;
				PRODUCT_BUNDLE_IDENTIFIER = "com.aminfaruq.StreakOSWatchApp-Watch-AppUITests";
				PRODUCT_NAME = "$(TARGET_NAME)";
				SDKROOT = watchos;
				STRING_CATALOG_GENERATE_SYMBOLS = NO;
				SWIFT_APPROACHABLE_CONCURRENCY = YES;
				SWIFT_EMIT_LOC_STRINGS = NO;
				SWIFT_UPCOMING_FEATURE_MEMBER_IMPORT_VISIBILITY = YES;
				SWIFT_VERSION = 5.0;
				TARGETED_DEVICE_FAMILY = 4;
				TEST_TARGET_NAME = "StreakOSWatchApp Watch App";
				VALIDATE_PRODUCT = YES;
				WATCHOS_DEPLOYMENT_TARGET = 10.6;
			};
			name = Release;
		};
/* End XCBuildConfiguration section */

/* Begin XCConfigurationList section */
		837A14FE302DEB970065B6D1 /* Build configuration list for PBXProject "StreakOSWatchApp" */ = {
			isa = XCConfigurationList;
			buildConfigurations = (
				837A1528302DEB990065B6D1 /* Debug */,
				837A1529302DEB990065B6D1 /* Release */,
			);
			defaultConfigurationIsVisible = 0;
			defaultConfigurationName = Release;
		};
		837A152A302DEB990065B6D1 /* Build configuration list for PBXNativeTarget "StreakOSWatchApp Watch App" */ = {
			isa = XCConfigurationList;
			buildConfigurations = (
				837A152B302DEB990065B6D1 /* Debug */,
				837A152C302DEB990065B6D1 /* Release */,
			);
			defaultConfigurationIsVisible = 0;
			defaultConfigurationName = Release;
		};
		837A152E302DEB990065B6D1 /* Build configuration list for PBXNativeTarget "StreakOSWatchApp" */ = {
			isa = XCConfigurationList;
			buildConfigurations = (
				837A152F302DEB990065B6D1 /* Debug */,
				837A1530302DEB990065B6D1 /* Release */,
			);
			defaultConfigurationIsVisible = 0;
			defaultConfigurationName = Release;
		};
		837A1531302DEB990065B6D1 /* Build configuration list for PBXNativeTarget "StreakOSWatchApp Watch AppTests" */ = {
			isa = XCConfigurationList;
			buildConfigurations = (
				837A1532302DEB990065B6D1 /* Debug */,
				837A1533302DEB990065B6D1 /* Release */,
			);
			defaultConfigurationIsVisible = 0;
			defaultConfigurationName = Release;
		};
		837A1534302DEB990065B6D1 /* Build configuration list for PBXNativeTarget "StreakOSWatchApp Watch AppUITests" */ = {
			isa = XCConfigurationList;
			buildConfigurations = (
				837A1535302DEB990065B6D1 /* Debug */,
				837A1536302DEB990065B6D1 /* Release */,
			);
			defaultConfigurationIsVisible = 0;
			defaultConfigurationName = Release;
		};
/* End XCConfigurationList section */
	};
	rootObject = 837A14FB302DEB970065B6D1 /* Project object */;
}
